{
    "_readme": [
        "This file locks the dependencies of your project to a known state",
        "Read more about it at https://getcomposer.org/doc/01-basic-usage.md#composer-lock-the-lock-file",
        "This file is @generated automatically"
    ],
    "content-hash": "1d7f54c0833515bacae6eb7078a028bf",
    "packages": [
        {
            "name": "levitarmouse/core",
            "version": "1.0-alpha",
            "source": {
                "type": "git",
                "url": "https://github.com/levitarmouse/KISS-CORE.git",
                "reference": "4d895c6ecd3b21e15af6cde6ad0f5be69dcb41a6"
            },
            "dist": {
                "type": "zip",
                "url": "https://api.github.com/repos/levitarmouse/KISS-CORE/zipball/4d895c6ecd3b21e15af6cde6ad0f5be69dcb41a6",
                "reference": "4d895c6ecd3b21e15af6cde6ad0f5be69dcb41a6",
                "shasum": ""
            },
            "type": "library",
            "notification-url": "https://packagist.org/downloads/",
            "authors": [
                {
                    "name": "Gabriel Prieto",
                    "email": "levitarmouse@gmail.com"
                }
            ],
            "time": "2017-01-15T18:15:06+00:00"
        }
    ],
    "packages-dev": [],
    "aliases": [],
    "minimum-stability": "stable",
    "stability-flags": {
        "levitarmouse/core": 15
    },
    "prefer-stable": false,
    "prefer-lowest": false,
    "platform": {
        "php": "^5.6 || ^7.0"
    },
    "platform-dev": []
}
